// !$*UTF8*$!
{
	archiveVersion = 1;
	classes = {
	};
	objectVersion = 46;
	objects = {

/* Begin PBXBuildFile section */
		AED5B65C1F157D550083E089 /* AppDelegate.swift in Sources */ = {isa = PBXBuildFile; fileRef = AED5B65B1F157D550083E089 /* AppDelegate.swift */; };
		AED5B65E1F157D550083E089 /* ViewController.swift in Sources */ = {isa = PBXBuildFile; fileRef = AED5B65D1F157D550083E089 /* ViewController.swift */; };
		AED5B6611F157D550083E089 /* Main.storyboard in Resources */ = {isa = PBXBuildFile; fileRef = AED5B65F1F157D550083E089 /* Main.storyboard */; };
		AED5B6631F157D550083E089 /* Assets.xcassets in Resources */ = {isa = PBXBuildFile; fileRef = AED5B6621F157D550083E089 /* Assets.xcassets */; };
		AED5B6661F157D550083E089 /* LaunchScreen.storyboard in Resources */ = {isa = PBXBuildFile; fileRef = AED5B6641F157D550083E089 /* LaunchScreen.storyboard */; };
/* End PBXBuildFile section */

/* Begin PBXFileReference section */
		AED5B6581F157D550083E089 /* Switch Test.app */ = {isa = PBXFileReference; explicitFileType = wrapper.application; includeInIndex = 0; path = "Switch Test.app"; sourceTree = BUILT_PRODUCTS_DIR; };
		AED5B65B1F157D550083E089 /* AppDelegate.swift */ = {isa = PBXFileReference; lastKnownFileType = sourcecode.swift; path = AppDelegate.swift; sourceTree = "<group>"; };
		AED5B65D1F157D550083E089 /* ViewController.swift */ = {isa = PBXFileReference; lastKnownFileType = sourcecode.swift; path = ViewController.swift; sourceTree = "<group>"; };
		AED5B6601F157D550083E089 /* Base */ = {isa = PBXFileReference; lastKnownFileType = file.storyboard; name = Base; path = Base.lproj/Main.storyboard; sourceTree = "<group>"; };
		AED5B6621F157D550083E089 /* Assets.xcassets */ = {isa = PBXFileReference; lastKnownFileType = folder.assetcatalog; path = Assets.xcassets; sourceTree = "<group>"; };
		AED5B6651F157D550083E089 /* Base */ = {isa = PBXFileReference; lastKnownFileType = file.storyboard; name = Base; path = Base.lproj/LaunchScreen.storyboard; sourceTree = "<group>"; };
		AED5B6671F157D550083E089 /* Info.plist */ = {isa = PBXFileReference; lastKnownFileType = text.plist.xml; path = Info.plist; sourceTree = "<group>"; };
/* End PBXFileReference section */

/* Begin PBXFrameworksBuildPhase section */
		AED5B6551F157D550083E089 /* Frameworks */ = {
			isa = PBXFrameworksBuildPhase;
			buildActionMask = 2147483647;
			files = (
			);
			runOnlyForDeploymentPostprocessing = 0;
		};
/* End PBXFrameworksBuildPhase section */

/* Begin PBXGroup section */
		AED5B64F1F157D550083E089 = {
			isa = PBXGroup;
			children = (
				AED5B65A1F157D550083E089 /* Switch Test */,
				AED5B6591F157D550083E089 /* Products */,
			);
			sourceTree = "<group>";
		};
		AED5B6591F157D550083E089 /* Products */ = {
			isa = PBXGroup;
			children = (
				AED5B6581F157D550083E089 /* Switch Test.app */,
			);
			name = Products;
			sourceTree = "<group>";
		};
		AED5B65A1F157D550083E089 /* Switch Test */ = {
			isa = PBXGroup;
			children = (
				AED5B65B1F157D550083E089 /* AppDelegate.swift */,
				AED5B65D1F157D550083E089 /* ViewController.swift */,
				AED5B65F1F157D550083E089 /* Main.storyboard */,
				AED5B6621F157D550083E089 /* Assets.xcassets */,
				AED5B6641F157D550083E089 /* LaunchScreen.storyboard */,
				AED5B6671F157D550083E089 /* Info.plist */,
			);
			path = "Switch Test";
			sourceTree = "<group>";
		};
/* End PBXGroup section */

/* Begin PBXNativeTarget section */
		AED5B6571F157D550083E089 /* Switch Test */ = {
			isa = PBXNativeTarget;
			buildConfigurationList = AED5B66A1F157D550083E089 /* Build configuration list for PBXNativeTarget "Switch Test" */;
			buildPhases = (
				AED5B6541F157D550083E089 /* Sources */,
				AED5B6551F157D550083E089 /* Frameworks */,
				AED5B6561F157D550083E089 /* Resources */,
			);
			buildRules = (
			);
			dependencies = (
			);
			name = "Switch Test";
			productName = "Switch Test";
			productReference = AED5B6581F157D550083E089 /* Switch Test.app */;
			productType = "com.apple.product-type.application";
		};
/* End PBXNativeTarget section */

/* Begin PBXProject section */
		AED5B6501F157D550083E089 /* Project object */ = {
			isa = PBXProject;
			attributes = {
				LastSwiftUpdateCheck = 0830;
				LastUpgradeCheck = 0830;
				ORGANIZATIONNAME = "Bilawal Liaqat";
				TargetAttributes = {
					AED5B6571F157D550083E089 = {
						CreatedOnToolsVersion = 8.3.3;
						DevelopmentTeam = R6TJ494YFN;
						ProvisioningStyle = Automatic;
					};
				};
			};
			buildConfigurationList = AED5B6531F157D550083E089 /* Build configuration list for PBXProject "Switch Test" */;
			compatibilityVersion = "Xcode 3.2";
			developmentRegion = English;
			hasScannedForEncodings = 0;
			knownRegions = (
				en,
				Base,
			);
			mainGroup = AED5B64F1F157D550083E089;
			productRefGroup = AED5B6591F157D550083E089 /* Products */;
			projectDirPath = "";
			projectRoot = "";
			targets = (
				AED5B6571F157D550083E089 /* Switch Test */,
			);
		};
/* End PBXProject section */

/* Begin PBXResourcesBuildPhase section */
		AED5B6561F157D550083E089 /* Resources */ = {
			isa = PBXResourcesBuildPhase;
			buildActionMask = 2147483647;
			files = (
				AED5B6661F157D550083E089 /* LaunchScreen.storyboard in Resources */,
				AED5B6631F157D550083E089 /* Assets.xcassets in Resources */,
				AED5B6611F157D550083E089 /* Main.storyboard in Resources */,
			);
			runOnlyForDeploymentPostprocessing = 0;
		};
/* End PBXResourcesBuildPhase section */

/* Begin PBXSourcesBuildPhase section */
		AED5B6541F157D550083E089 /* Sources */ = {
			isa = PBXSourcesBuildPhase;
			buildActionMask = 2147483647;
			files = (
				AED5B65E1F157D550083E089 /* ViewController.swift in Sources */,
				AED5B65C1F157D550083E089 /* AppDelegate.swift in Sources */,
			);
			runOnlyForDeploymentPostprocessing = 0;
		};
/* End PBXSourcesBuildPhase section */

/* Begin PBXVariantGroup section */
		AED5B65F1F157D550083E089 /* Main.storyboard */ = {
			isa = PBXVariantGroup;
			children = (
				AED5B6601F157D550083E089 /* Base */,
			);
			name = Main.storyboard;
			sourceTree = "<group>";
		};
		AED5B6641F157D550083E089 /* LaunchScreen.storyboard */ = {
			isa = PBXVariantGroup;
			children = (
				AED5B6651F157D550083E089 /* Base */,
			);
			name = LaunchScreen.storyboard;
			sourceTree = "<group>";
		};
/* End PBXVariantGroup section */

/* Begin XCBuildConfiguration section */
		AED5B6681F157D550083E089 /* Debug */ = {
			isa = XCBuildConfiguration;
			buildSettings = {
				ALWAYS_SEARCH_USER_PATHS = NO;
				CLANG_ANALYZER_NONNULL = YES;
				CLANG_ANALYZER_NUMBER_OBJECT_CONVERSION = YES_AGGRESSIVE;
				CLANG_CXX_LANGUAGE_STANDARD = "gnu++0x";
				CLANG_CXX_LIBRARY = "libc++";
				CLANG_ENABLE_MODULES = YES;
				CLANG_ENABLE_OBJC_ARC = YES;
				CLANG_WARN_BOOL_CONVERSION = YES;
				CLANG_WARN_CONSTANT_CONVERSION = YES;
				CLANG_WARN_DIRECT_OBJC_ISA_USAGE = YES_ERROR;
				CLANG_WARN_DOCUMENTATION_COMMENTS = YES;
				CLANG_WARN_EMPTY_BODY = YES;
				CLANG_WARN_ENUM_CONVERSION = YES;
				CLANG_WARN_INFINITE_RECURSION = YES;
				CLANG_WARN_INT_CONVERSION = YES;
				CLANG_WARN_OBJC_ROOT_CLASS = YES_ERROR;
				CLANG_WARN_SUSPICIOUS_MOVE = YES;
				CLANG_WARN_UNREACHABLE_CODE = YES;
				CLANG_WARN__DUPLICATE_METHOD_MATCH = YES;
				"CODE_SIGN_IDENTITY[sdk=iphoneos*]" = "iPhone Developer";
				COPY_PHASE_STRIP = NO;
				DEBUG_INFORMATION_FORMAT = dwarf;
				ENABLE_STRICT_OBJC_MSGSEND = YES;
				ENABLE_TESTABILITY = YES;
				GCC_C_LANGUAGE_STANDARD = gnu99;
				GCC_DYNAMIC_NO_PIC = NO;
				GCC_NO_COMMON_BLOCKS = YES;
				GCC_OPTIMIZATION_LEVEL = 0;
				GCC_PREPROCESSOR_DEFINITIONS = (
					"DEBUG=1",
					"$(inherited)",
				);
				GCC_WARN_64_TO_32_BIT_CONVERSION = YES;
				GCC_WARN_ABOUT_RETURN_TYPE = YES_ERROR;
				GCC_WARN_UNDECLARED_SELECTOR = YES;
				GCC_WARN_UNINITIALIZED_AUTOS = YES_AGGRESSIVE;
				GCC_WARN_UNUSED_FUNCTION = YES;
				GCC_WARN_UNUSED_VARIABLE = YES;
				IPHONEOS_DEPLOYMENT_TARGET = 10.3;
				MTL_ENABLE_DEBUG_INFO = YES;
				ONLY_ACTIVE_ARCH = YES;
				SDKROOT = iphoneos;
				SWIFT_ACTIVE_COMPILATION_CONDITIONS = DEBUG;
				SWIFT_OPTIMIZATION_LEVEL = "-Onone";
			};
			name = Debug;
		};
		AED5B6691F157D550083E089 /* Release */ = {
			isa = XCBuildConfiguration;
			buildSettings = {
				ALWAYS_SEARCH_USER_PATHS = NO;
				CLANG_ANALYZER_NONNULL = YES;
				CLANG_ANALYZER_NUMBER_OBJECT_CONVERSION = YES_AGGRESSIVE;
				CLANG_CXX_LANGUAGE_STANDARD = "gnu++0x";
				CLANG_CXX_LIBRARY = "libc++";
				CLANG_ENABLE_MODULES = YES;
				CLANG_ENABLE_OBJC_ARC = YES;
				CLANG_WARN_BOOL_CONVERSION = YES;
				CLANG_WARN_CONSTANT_CONVERSION = YES;
				CLANG_WARN_DIRECT_OBJC_ISA_USAGE = YES_ERROR;
				CLANG_WARN_DOCUMENTATION_COMMENTS = YES;
				CLANG_WARN_EMPTY_BODY = YES;
				CLANG_WARN_ENUM_CONVERSION = YES;
				CLANG_WARN_INFINITE_RECURSION = YES;
				CLANG_WARN_INT_CONVERSION = YES;
				CLANG_WARN_OBJC_ROOT_CLASS = YES_ERROR;
				CLANG_WARN_SUSPICIOUS_MOVE = YES;
				CLANG_WARN_UNREACHABLE_CODE = YES;
				CLANG_WARN__DUPLICATE_METHOD_MATCH = YES;
				"CODE_SIGN_IDENTITY[sdk=iphoneos*]" = "iPhone Developer";
				COPY_PHASE_STRIP = NO;
				DEBUG_INFORMATION_FORMAT = "dwarf-with-dsym";
				ENABLE_NS_ASSERTIONS = NO;
				ENABLE_STRICT_OBJC_MSGSEND = YES;
				GCC_C_LANGUAGE_STANDARD = gnu99;
				GCC_NO_COMMON_BLOCKS = YES;
				GCC_WARN_64_TO_32_BIT_CONVERSION = YES;
				GCC_WARN_ABOUT_RETURN_TYPE = YES_ERROR;
				GCC_WARN_UNDECLARED_SELECTOR = YES;
				GCC_WARN_UNINITIALIZED_AUTOS = YES_AGGRESSIVE;
				GCC_WARN_UNUSED_FUNCTION = YES;
				GCC_WARN_UNUSED_VARIABLE = YES;
				IPHONEOS_DEPLOYMENT_TARGET = 10.3;
				MTL_ENABLE_DEBUG_INFO = NO;
				SDKROOT = iphoneos;
				SWIFT_OPTIMIZATION_LEVEL = "-Owholemodule";
				VALIDATE_PRODUCT = YES;
			};
			name = Release;
		};
		AED5B66B1F157D550083E089 /* Debug */ = {
			isa = XCBuildConfiguration;
			buildSettings = {
				ASSETCATALOG_COMPILER_APPICON_NAME = AppIcon;
				DEVELOPMENT_TEAM = R6TJ494YFN;
				INFOPLIST_FILE = "Switch Test/Info.plist";
				LD_RUNPATH_SEARCH_PATHS = "$(inherited) @executable_path/Frameworks";
				PRODUCT_BUNDLE_IDENTIFIER = "com.online.Switch-Test";
				PRODUCT_NAME = "$(TARGET_NAME)";
				SWIFT_VERSION = 3.0;
			};
			name = Debug;
		};
		AED5B66C1F157D550083E089 /* Release */ = {
			isa = XCBuildConfiguration;
			buildSettings = {
				ASSETCATALOG_COMPILER_APPICON_NAME = AppIcon;
				DEVELOPMENT_TEAM = R6TJ494YFN;
				INFOPLIST_FILE = "Switch Test/Info.plist";
				LD_RUNPATH_SEARCH_PATHS = "$(inherited) @executable_path/Frameworks";
				PRODUCT_BUNDLE_IDENTIFIER = "com.online.Switch-Test";
				PRODUCT_NAME = "$(TARGET_NAME)";
				SWIFT_VERSION = 3.0;
			};
			name = Release;
		};
/* End XCBuildConfiguration section */

/* Begin XCConfigurationList section */
		AED5B6531F157D550083E089 /* Build configuration list for PBXProject "Switch Test" */ = {
			isa = XCConfigurationList;
			buildConfigurations = (
				AED5B6681F157D550083E089 /* Debug */,
				AED5B6691F157D550083E089 /* Release */,
			);
			defaultConfigurationIsVisible = 0;
			defaultConfigurationName = Release;
		};
		AED5B66A1F157D550083E089 /* Build configuration list for PBXNativeTarget "Switch Test" */ = {
			isa = XCConfigurationList;
			buildConfigurations = (
				AED5B66B1F157D550083E089 /* Debug */,
				AED5B66C1F157D550083E089 /* Release */,
			);
			defaultConfigurationIsVisible = 0;
		};
/* End XCConfigurationList section */
	};
	rootObject = AED5B6501F157D550083E089 /* Project object */;
}
